{
  "name": "@ronas-it/angular-common",
  "version": "1.0.29",
  "lockfileVersion": 1,
  "requires": true,
  "dependencies": {
    "@auth0/angular-jwt": {
      "version": "5.0.2",
      "resolved": "https://registry.npmjs.org/@auth0/angular-jwt/-/angular-jwt-5.0.2.tgz",
      "integrity": "sha512-rSamC9mu+gUxoR86AXcIo+KD7xRIro+/iu1F2Ld85YAZEVKlpB5vYG+g0yGaEOqjtQWP/i0H6fi6XMGPVHSYYQ==",
      "requires": {
        "tslib": "^2.0.0"
      }
    },
    "class-transformer": {
      "version": "0.3.1",
      "resolved": "https://registry.npmjs.org/class-transformer/-/class-transformer-0.3.1.tgz",
      "integrity": "sha512-cKFwohpJbuMovS8xVLmn8N2AUbAuc8pVo4zEfsUVo8qgECOogns1WVk/FkOZoxhOPTyTYFckuoH+13FO+MQ8GA=="
    },
    "lodash": {
      "version": "4.17.20",
      "resolved": "https://registry.npmjs.org/lodash/-/lodash-4.17.20.tgz",
      "integrity": "sha512-PlhdFcillOINfeV7Ni6oF1TAEayyZBoZ8bcshTHqOYJYlrqzRK5hagpagky5o4HfCzzd1TRkXPMFq6cKk9rGmA=="
    },
    "tslib": {
      "version": "2.0.3",
      "resolved": "https://registry.npmjs.org/tslib/-/tslib-2.0.3.tgz",
      "integrity": "sha512-uZtkfKblCEQtZKBF6EBXVZeQNl82yqtDQdv+eck8u7tdPxjLu2/lp5/uPW+um2tpuxINHWy3GhiccY7QgEaVHQ=="
    }
  }
}
